// !$*UTF8*$!
{
	archiveVersion = 1;
	classes = {
	};
	objectVersion = 50;
	objects = {

/* Begin PBXBuildFile section */
		3447AA85257EB37B00837508 /* WeatherDay.swift in Sources */ = {isa = PBXBuildFile; fileRef = 3447AA84257EB37B00837508 /* WeatherDay.swift */; };
		3449923B258740280084FC63 /* WeatherButton.swift in Sources */ = {isa = PBXBuildFile; fileRef = 3449923A258740280084FC63 /* WeatherButton.swift */; };
		34499245258746200084FC63 /* Date+WeekDays.swift in Sources */ = {isa = PBXBuildFile; fileRef = 34499244258746200084FC63 /* Date+WeekDays.swift */; };
		34BEB60D257A204400DEAD20 /* Weather_AppApp.swift in Sources */ = {isa = PBXBuildFile; fileRef = 34BEB60C257A204400DEAD20 /* Weather_AppApp.swift */; };
		34BEB60F257A204400DEAD20 /* ContentView.swift in Sources */ = {isa = PBXBuildFile; fileRef = 34BEB60E257A204400DEAD20 /* ContentView.swift */; };
		34BEB611257A204600DEAD20 /* Assets.xcassets in Resources */ = {isa = PBXBuildFile; fileRef = 34BEB610257A204600DEAD20 /* Assets.xcassets */; };
		34BEB614257A204600DEAD20 /* Preview Assets.xcassets in Resources */ = {isa = PBXBuildFile; fileRef = 34BEB613257A204600DEAD20 /* Preview Assets.xcassets */; };
		34BEB6A5257E1D5C00DEAD20 /* WeatherViewModel.swift in Sources */ = {isa = PBXBuildFile; fileRef = 34BEB6A4257E1D5B00DEAD20 /* WeatherViewModel.swift */; };
/* End PBXBuildFile section */

/* Begin PBXFileReference section */
		3447AA84257EB37B00837508 /* WeatherDay.swift */ = {isa = PBXFileReference; lastKnownFileType = sourcecode.swift; path = WeatherDay.swift; sourceTree = "<group>"; };
		3449923A258740280084FC63 /* WeatherButton.swift */ = {isa = PBXFileReference; lastKnownFileType = sourcecode.swift; path = WeatherButton.swift; sourceTree = "<group>"; };
		34499244258746200084FC63 /* Date+WeekDays.swift */ = {isa = PBXFileReference; lastKnownFileType = sourcecode.swift; path = "Date+WeekDays.swift"; sourceTree = "<group>"; };
		34BEB609257A204400DEAD20 /* Weather App.app */ = {isa = PBXFileReference; explicitFileType = wrapper.application; includeInIndex = 0; path = "Weather App.app"; sourceTree = BUILT_PRODUCTS_DIR; };
		34BEB60C257A204400DEAD20 /* Weather_AppApp.swift */ = {isa = PBXFileReference; lastKnownFileType = sourcecode.swift; path = Weather_AppApp.swift; sourceTree = "<group>"; };
		34BEB60E257A204400DEAD20 /* ContentView.swift */ = {isa = PBXFileReference; lastKnownFileType = sourcecode.swift; path = ContentView.swift; sourceTree = "<group>"; };
		34BEB610257A204600DEAD20 /* Assets.xcassets */ = {isa = PBXFileReference; lastKnownFileType = folder.assetcatalog; path = Assets.xcassets; sourceTree = "<group>"; };
		34BEB613257A204600DEAD20 /* Preview Assets.xcassets */ = {isa = PBXFileReference; lastKnownFileType = folder.assetcatalog; path = "Preview Assets.xcassets"; sourceTree = "<group>"; };
		34BEB615257A204600DEAD20 /* Info.plist */ = {isa = PBXFileReference; lastKnownFileType = text.plist.xml; path = Info.plist; sourceTree = "<group>"; };
		34BEB6A4257E1D5B00DEAD20 /* WeatherViewModel.swift */ = {isa = PBXFileReference; lastKnownFileType = sourcecode.swift; path = WeatherViewModel.swift; sourceTree = "<group>"; };
/* End PBXFileReference section */

/* Begin PBXFrameworksBuildPhase section */
		34BEB606257A204400DEAD20 /* Frameworks */ = {
			isa = PBXFrameworksBuildPhase;
			buildActionMask = 2147483647;
			files = (
			);
			runOnlyForDeploymentPostprocessing = 0;
		};
/* End PBXFrameworksBuildPhase section */

/* Begin PBXGroup section */
		3447AA80257EB36200837508 /* View */ = {
			isa = PBXGroup;
			children = (
				34BEB60E257A204400DEAD20 /* ContentView.swift */,
				3449923A258740280084FC63 /* WeatherButton.swift */,
			);
			path = View;
			sourceTree = "<group>";
		};
		3447AA82257EB36700837508 /* ViewModel */ = {
			isa = PBXGroup;
			children = (
				34BEB6A4257E1D5B00DEAD20 /* WeatherViewModel.swift */,
			);
			path = ViewModel;
			sourceTree = "<group>";
		};
		3447AA87257EB37F00837508 /* Model */ = {
			isa = PBXGroup;
			children = (
				3447AA84257EB37B00837508 /* WeatherDay.swift */,
			);
			path = Model;
			sourceTree = "<group>";
		};
		34499243258745CB0084FC63 /* Utilities */ = {
			isa = PBXGroup;
			children = (
				34499244258746200084FC63 /* Date+WeekDays.swift */,
			);
			path = Utilities;
			sourceTree = "<group>";
		};
		34BEB600257A204400DEAD20 = {
			isa = PBXGroup;
			children = (
				34BEB60B257A204400DEAD20 /* Weather App */,
				34BEB60A257A204400DEAD20 /* Products */,
			);
			sourceTree = "<group>";
		};
		34BEB60A257A204400DEAD20 /* Products */ = {
			isa = PBXGroup;
			children = (
				34BEB609257A204400DEAD20 /* Weather App.app */,
			);
			name = Products;
			sourceTree = "<group>";
		};
		34BEB60B257A204400DEAD20 /* Weather App */ = {
			isa = PBXGroup;
			children = (
				34BEB60C257A204400DEAD20 /* Weather_AppApp.swift */,
				3447AA80257EB36200837508 /* View */,
				3447AA82257EB36700837508 /* ViewModel */,
				34499243258745CB0084FC63 /* Utilities */,
				3447AA87257EB37F00837508 /* Model */,
				34BEB610257A204600DEAD20 /* Assets.xcassets */,
				34BEB615257A204600DEAD20 /* Info.plist */,
				34BEB612257A204600DEAD20 /* Preview Content */,
			);
			path = "Weather App";
			sourceTree = "<group>";
		};
		34BEB612257A204600DEAD20 /* Preview Content */ = {
			isa = PBXGroup;
			children = (
				34BEB613257A204600DEAD20 /* Preview Assets.xcassets */,
			);
			path = "Preview Content";
			sourceTree = "<group>";
		};
/* End PBXGroup section */

/* Begin PBXNativeTarget section */
		34BEB608257A204400DEAD20 /* Weather App */ = {
			isa = PBXNativeTarget;
			buildConfigurationList = 34BEB618257A204600DEAD20 /* Build configuration list for PBXNativeTarget "Weather App" */;
			buildPhases = (
				34BEB605257A204400DEAD20 /* Sources */,
				34BEB606257A204400DEAD20 /* Frameworks */,
				34BEB607257A204400DEAD20 /* Resources */,
			);
			buildRules = (
			);
			dependencies = (
			);
			name = "Weather App";
			productName = "Weather App";
			productReference = 34BEB609257A204400DEAD20 /* Weather App.app */;
			productType = "com.apple.product-type.application";
		};
/* End PBXNativeTarget section */

/* Begin PBXProject section */
		34BEB601257A204400DEAD20 /* Project object */ = {
			isa = PBXProject;
			attributes = {
				LastSwiftUpdateCheck = 1200;
				LastUpgradeCheck = 1200;
				TargetAttributes = {
					34BEB608257A204400DEAD20 = {
						CreatedOnToolsVersion = 12.0;
					};
				};
			};
			buildConfigurationList = 34BEB604257A204400DEAD20 /* Build configuration list for PBXProject "Weather App" */;
			compatibilityVersion = "Xcode 9.3";
			developmentRegion = en;
			hasScannedForEncodings = 0;
			knownRegions = (
				en,
				Base,
			);
			mainGroup = 34BEB600257A204400DEAD20;
			productRefGroup = 34BEB60A257A204400DEAD20 /* Products */;
			projectDirPath = "";
			projectRoot = "";
			targets = (
				34BEB608257A204400DEAD20 /* Weather App */,
			);
		};
/* End PBXProject section */

/* Begin PBXResourcesBuildPhase section */
		34BEB607257A204400DEAD20 /* Resources */ = {
			isa = PBXResourcesBuildPhase;
			buildActionMask = 2147483647;
			files = (
				34BEB614257A204600DEAD20 /* Preview Assets.xcassets in Resources */,
				34BEB611257A204600DEAD20 /* Assets.xcassets in Resources */,
			);
			runOnlyForDeploymentPostprocessing = 0;
		};
/* End PBXResourcesBuildPhase section */

/* Begin PBXSourcesBuildPhase section */
		34BEB605257A204400DEAD20 /* Sources */ = {
			isa = PBXSourcesBuildPhase;
			buildActionMask = 2147483647;
			files = (
				34499245258746200084FC63 /* Date+WeekDays.swift in Sources */,
				34BEB6A5257E1D5C00DEAD20 /* WeatherViewModel.swift in Sources */,
				3449923B258740280084FC63 /* WeatherButton.swift in Sources */,
				34BEB60F257A204400DEAD20 /* ContentView.swift in Sources */,
				34BEB60D257A204400DEAD20 /* Weather_AppApp.swift in Sources */,
				3447AA85257EB37B00837508 /* WeatherDay.swift in Sources */,
			);
			runOnlyForDeploymentPostprocessing = 0;
		};
/* End PBXSourcesBuildPhase section */

/* Begin XCBuildConfiguration section */
		34BEB616257A204600DEAD20 /* Debug */ = {
			isa = XCBuildConfiguration;
			buildSettings = {
				ALWAYS_SEARCH_USER_PATHS = NO;
				CLANG_ANALYZER_NONNULL = YES;
				CLANG_ANALYZER_NUMBER_OBJECT_CONVERSION = YES_AGGRESSIVE;
				CLANG_CXX_LANGUAGE_STANDARD = "gnu++14";
				CLANG_CXX_LIBRARY = "libc++";
				CLANG_ENABLE_MODULES = YES;
				CLANG_ENABLE_OBJC_ARC = YES;
				CLANG_ENABLE_OBJC_WEAK = YES;
				CLANG_WARN_BLOCK_CAPTURE_AUTORELEASING = YES;
				CLANG_WARN_BOOL_CONVERSION = YES;
				CLANG_WARN_COMMA = YES;
				CLANG_WARN_CONSTANT_CONVERSION = YES;
				CLANG_WARN_DEPRECATED_OBJC_IMPLEMENTATIONS = YES;
				CLANG_WARN_DIRECT_OBJC_ISA_USAGE = YES_ERROR;
				CLANG_WARN_DOCUMENTATION_COMMENTS = YES;
				CLANG_WARN_EMPTY_BODY = YES;
				CLANG_WARN_ENUM_CONVERSION = YES;
				CLANG_WARN_INFINITE_RECURSION = YES;
				CLANG_WARN_INT_CONVERSION = YES;
				CLANG_WARN_NON_LITERAL_NULL_CONVERSION = YES;
				CLANG_WARN_OBJC_IMPLICIT_RETAIN_SELF = YES;
				CLANG_WARN_OBJC_LITERAL_CONVERSION = YES;
				CLANG_WARN_OBJC_ROOT_CLASS = YES_ERROR;
				CLANG_WARN_QUOTED_INCLUDE_IN_FRAMEWORK_HEADER = YES;
				CLANG_WARN_RANGE_LOOP_ANALYSIS = YES;
				CLANG_WARN_STRICT_PROTOTYPES = YES;
				CLANG_WARN_SUSPICIOUS_MOVE = YES;
				CLANG_WARN_UNGUARDED_AVAILABILITY = YES_AGGRESSIVE;
				CLANG_WARN_UNREACHABLE_CODE = YES;
				CLANG_WARN__DUPLICATE_METHOD_MATCH = YES;
				COPY_PHASE_STRIP = NO;
				DEBUG_INFORMATION_FORMAT = dwarf;
				ENABLE_STRICT_OBJC_MSGSEND = YES;
				ENABLE_TESTABILITY = YES;
				GCC_C_LANGUAGE_STANDARD = gnu11;
				GCC_DYNAMIC_NO_PIC = NO;
				GCC_NO_COMMON_BLOCKS = YES;
				GCC_OPTIMIZATION_LEVEL = 0;
				GCC_PREPROCESSOR_DEFINITIONS = (
					"DEBUG=1",
					"$(inherited)",
				);
				GCC_WARN_64_TO_32_BIT_CONVERSION = YES;
				GCC_WARN_ABOUT_RETURN_TYPE = YES_ERROR;
				GCC_WARN_UNDECLARED_SELECTOR = YES;
				GCC_WARN_UNINITIALIZED_AUTOS = YES_AGGRESSIVE;
				GCC_WARN_UNUSED_FUNCTION = YES;
				GCC_WARN_UNUSED_VARIABLE = YES;
				IPHONEOS_DEPLOYMENT_TARGET = 14.0;
				MTL_ENABLE_DEBUG_INFO = INCLUDE_SOURCE;
				MTL_FAST_MATH = YES;
				ONLY_ACTIVE_ARCH = YES;
				SDKROOT = iphoneos;
				SWIFT_ACTIVE_COMPILATION_CONDITIONS = DEBUG;
				SWIFT_OPTIMIZATION_LEVEL = "-Onone";
			};
			name = Debug;
		};
		34BEB617257A204600DEAD20 /* Release */ = {
			isa = XCBuildConfiguration;
			buildSettings = {
				ALWAYS_SEARCH_USER_PATHS = NO;
				CLANG_ANALYZER_NONNULL = YES;
				CLANG_ANALYZER_NUMBER_OBJECT_CONVERSION = YES_AGGRESSIVE;
				CLANG_CXX_LANGUAGE_STANDARD = "gnu++14";
				CLANG_CXX_LIBRARY = "libc++";
				CLANG_ENABLE_MODULES = YES;
				CLANG_ENABLE_OBJC_ARC = YES;
				CLANG_ENABLE_OBJC_WEAK = YES;
				CLANG_WARN_BLOCK_CAPTURE_AUTORELEASING = YES;
				CLANG_WARN_BOOL_CONVERSION = YES;
				CLANG_WARN_COMMA = YES;
				CLANG_WARN_CONSTANT_CONVERSION = YES;
				CLANG_WARN_DEPRECATED_OBJC_IMPLEMENTATIONS = YES;
				CLANG_WARN_DIRECT_OBJC_ISA_USAGE = YES_ERROR;
				CLANG_WARN_DOCUMENTATION_COMMENTS = YES;
				CLANG_WARN_EMPTY_BODY = YES;
				CLANG_WARN_ENUM_CONVERSION = YES;
				CLANG_WARN_INFINITE_RECURSION = YES;
				CLANG_WARN_INT_CONVERSION = YES;
				CLANG_WARN_NON_LITERAL_NULL_CONVERSION = YES;
				CLANG_WARN_OBJC_IMPLICIT_RETAIN_SELF = YES;
				CLANG_WARN_OBJC_LITERAL_CONVERSION = YES;
				CLANG_WARN_OBJC_ROOT_CLASS = YES_ERROR;
				CLANG_WARN_QUOTED_INCLUDE_IN_FRAMEWORK_HEADER = YES;
				CLANG_WARN_RANGE_LOOP_ANALYSIS = YES;
				CLANG_WARN_STRICT_PROTOTYPES = YES;
				CLANG_WARN_SUSPICIOUS_MOVE = YES;
				CLANG_WARN_UNGUARDED_AVAILABILITY = YES_AGGRESSIVE;
				CLANG_WARN_UNREACHABLE_CODE = YES;
				CLANG_WARN__DUPLICATE_METHOD_MATCH = YES;
				COPY_PHASE_STRIP = NO;
				DEBUG_INFORMATION_FORMAT = "dwarf-with-dsym";
				ENABLE_NS_ASSERTIONS = NO;
				ENABLE_STRICT_OBJC_MSGSEND = YES;
				GCC_C_LANGUAGE_STANDARD = gnu11;
				GCC_NO_COMMON_BLOCKS = YES;
				GCC_WARN_64_TO_32_BIT_CONVERSION = YES;
				GCC_WARN_ABOUT_RETURN_TYPE = YES_ERROR;
				GCC_WARN_UNDECLARED_SELECTOR = YES;
				GCC_WARN_UNINITIALIZED_AUTOS = YES_AGGRESSIVE;
				GCC_WARN_UNUSED_FUNCTION = YES;
				GCC_WARN_UNUSED_VARIABLE = YES;
				IPHONEOS_DEPLOYMENT_TARGET = 14.0;
				MTL_ENABLE_DEBUG_INFO = NO;
				MTL_FAST_MATH = YES;
				SDKROOT = iphoneos;
				SWIFT_COMPILATION_MODE = wholemodule;
				SWIFT_OPTIMIZATION_LEVEL = "-O";
				VALIDATE_PRODUCT = YES;
			};
			name = Release;
		};
		34BEB619257A204600DEAD20 /* Debug */ = {
			isa = XCBuildConfiguration;
			buildSettings = {
				ASSETCATALOG_COMPILER_APPICON_NAME = AppIcon;
				ASSETCATALOG_COMPILER_GLOBAL_ACCENT_COLOR_NAME = AccentColor;
				CODE_SIGN_STYLE = Automatic;
				DEVELOPMENT_ASSET_PATHS = "\"Weather App/Preview Content\"";
				DEVELOPMENT_TEAM = JSZ9BPQ2F4;
				ENABLE_PREVIEWS = YES;
				INFOPLIST_FILE = "Weather App/Info.plist";
				IPHONEOS_DEPLOYMENT_TARGET = 14.0;
				LD_RUNPATH_SEARCH_PATHS = (
					"$(inherited)",
					"@executable_path/Frameworks",
				);
				PRODUCT_BUNDLE_IDENTIFIER = "com.MA.Weather-App";
				PRODUCT_NAME = "$(TARGET_NAME)";
				SWIFT_VERSION = 5.0;
				TARGETED_DEVICE_FAMILY = "1,2";
			};
			name = Debug;
		};
		34BEB61A257A204600DEAD20 /* Release */ = {
			isa = XCBuildConfiguration;
			buildSettings = {
				ASSETCATALOG_COMPILER_APPICON_NAME = AppIcon;
				ASSETCATALOG_COMPILER_GLOBAL_ACCENT_COLOR_NAME = AccentColor;
				CODE_SIGN_STYLE = Automatic;
				DEVELOPMENT_ASSET_PATHS = "\"Weather App/Preview Content\"";
				DEVELOPMENT_TEAM = JSZ9BPQ2F4;
				ENABLE_PREVIEWS = YES;
				INFOPLIST_FILE = "Weather App/Info.plist";
				IPHONEOS_DEPLOYMENT_TARGET = 14.0;
				LD_RUNPATH_SEARCH_PATHS = (
					"$(inherited)",
					"@executable_path/Frameworks",
				);
				PRODUCT_BUNDLE_IDENTIFIER = "com.MA.Weather-App";
				PRODUCT_NAME = "$(TARGET_NAME)";
				SWIFT_VERSION = 5.0;
				TARGETED_DEVICE_FAMILY = "1,2";
			};
			name = Release;
		};
/* End XCBuildConfiguration section */

/* Begin XCConfigurationList section */
		34BEB604257A204400DEAD20 /* Build configuration list for PBXProject "Weather App" */ = {
			isa = XCConfigurationList;
			buildConfigurations = (
				34BEB616257A204600DEAD20 /* Debug */,
				34BEB617257A204600DEAD20 /* Release */,
			);
			defaultConfigurationIsVisible = 0;
			defaultConfigurationName = Release;
		};
		34BEB618257A204600DEAD20 /* Build configuration list for PBXNativeTarget "Weather App" */ = {
			isa = XCConfigurationList;
			buildConfigurations = (
				34BEB619257A204600DEAD20 /* Debug */,
				34BEB61A257A204600DEAD20 /* Release */,
			);
			defaultConfigurationIsVisible = 0;
			defaultConfigurationName = Release;
		};
/* End XCConfigurationList section */
	};
	rootObject = 34BEB601257A204400DEAD20 /* Project object */;
}
